
Microsoft Visual Studio Solution File, Format Version 12.00
# Visual Studio Version 16
VisualStudioVersion = 16.0.29215.179
MinimumVisualStudioVersion = 10.0.40219.1
Project("{9A19103F-16F7-4668-BE54-9A1E7A4F7556}") = "LTWAudioDownload", "LTWAudioDownload.csproj", "{8B8F6F72-FD88-4D9E-B5AE-2606273F1C24}"
EndProject
Global
	GlobalSection(SolutionConfigurationPlatforms) = preSolution
		Debug|Any CPU = Debug|Any CPU
		Release|Any CPU = Release|Any CPU
	EndGlobalSection
	GlobalSection(ProjectConfigurationPlatforms) = postSolution
		{8B8F6F72-FD88-4D9E-B5AE-2606273F1C24}.Debug|Any CPU.ActiveCfg = Debug|Any CPU
		{8B8F6F72-FD88-4D9E-B5AE-2606273F1C24}.Debug|Any CPU.Build.0 = Debug|Any CPU
		{8B8F6F72-FD88-4D9E-B5AE-2606273F1C24}.Release|Any CPU.ActiveCfg = Release|Any CPU
		{8B8F6F72-FD88-4D9E-B5AE-2606273F1C24}.Release|Any CPU.Build.0 = Release|Any CPU
	EndGlobalSection
	GlobalSection(SolutionProperties) = preSolution
		HideSolutionNode = FALSE
	EndGlobalSection
	GlobalSection(ExtensibilityGlobals) = postSolution
		SolutionGuid = {662423D5-104E-47A9-86C7-7009E9995B6C}
	EndGlobalSection
EndGlobal
